// !$*UTF8*$!
{
	archiveVersion = 1;
	classes = {
	};
	objectVersion = 77;
	objects = {

/* Begin PBXContainerItemProxy section */
		BEA784ED2D240AEC0057555F /* PBXContainerItemProxy */ = {
			isa = PBXContainerItemProxy;
			containerPortal = BEA784D42D240AEA0057555F /* Project object */;
			proxyType = 1;
			remoteGlobalIDString = BEA784DB2D240AEA0057555F;
			remoteInfo = EnumerationExplorer;
		};
		BEA784F72D240AEC0057555F /* PBXContainerItemProxy */ = {
			isa = PBXContainerItemProxy;
			containerPortal = BEA784D42D240AEA0057555F /* Project object */;
			proxyType = 1;
			remoteGlobalIDString = BEA784DB2D240AEA0057555F;
			remoteInfo = EnumerationExplorer;
		};
/* End PBXContainerItemProxy section */

/* Begin PBXFileReference section */
		BEA784DC2D240AEA0057555F /* EnumerationExplorer.app */ = {isa = PBXFileReference; explicitFileType = wrapper.application; includeInIndex = 0; path = EnumerationExplorer.app; sourceTree = BUILT_PRODUCTS_DIR; };
		BEA784EC2D240AEC0057555F /* EnumerationExplorerTests.xctest */ = {isa = PBXFileReference; explicitFileType = wrapper.cfbundle; includeInIndex = 0; path = EnumerationExplorerTests.xctest; sourceTree = BUILT_PRODUCTS_DIR; };
		BEA784F62D240AEC0057555F /* EnumerationExplorerUITests.xctest */ = {isa = PBXFileReference; explicitFileType = wrapper.cfbundle; includeInIndex = 0; path = EnumerationExplorerUITests.xctest; sourceTree = BUILT_PRODUCTS_DIR; };
/* End PBXFileReference section */

/* Begin PBXFileSystemSynchronizedRootGroup section */
		BEA784DE2D240AEA0057555F /* EnumerationExplorer */ = {
			isa = PBXFileSystemSynchronizedRootGroup;
			path = EnumerationExplorer;
			sourceTree = "<group>";
		};
		BEA784EF2D240AEC0057555F /* EnumerationExplorerTests */ = {
			isa = PBXFileSystemSynchronizedRootGroup;
			path = EnumerationExplorerTests;
			sourceTree = "<group>";
		};
		BEA784F92D240AEC0057555F /* EnumerationExplorerUITests */ = {
			isa = PBXFileSystemSynchronizedRootGroup;
			path = EnumerationExplorerUITests;
			sourceTree = "<group>";
		};
/* End PBXFileSystemSynchronizedRootGroup section */

/* Begin PBXFrameworksBuildPhase section */
		BEA784D92D240AEA0057555F /* Frameworks */ = {
			isa = PBXFrameworksBuildPhase;
			buildActionMask = 2147483647;
			files = (
			);
			runOnlyForDeploymentPostprocessing = 0;
		};
		BEA784E92D240AEC0057555F /* Frameworks */ = {
			isa = PBXFrameworksBuildPhase;
			buildActionMask = 2147483647;
			files = (
			);
			runOnlyForDeploymentPostprocessing = 0;
		};
		BEA784F32D240AEC0057555F /* Frameworks */ = {
			isa = PBXFrameworksBuildPhase;
			buildActionMask = 2147483647;
			files = (
			);
			runOnlyForDeploymentPostprocessing = 0;
		};
/* End PBXFrameworksBuildPhase section */

/* Begin PBXGroup section */
		BEA784D32D240AEA0057555F = {
			isa = PBXGroup;
			children = (
				BEA784DE2D240AEA0057555F /* EnumerationExplorer */,
				BEA784EF2D240AEC0057555F /* EnumerationExplorerTests */,
				BEA784F92D240AEC0057555F /* EnumerationExplorerUITests */,
				BEA784DD2D240AEA0057555F /* Products */,
			);
			sourceTree = "<group>";
		};
		BEA784DD2D240AEA0057555F /* Products */ = {
			isa = PBXGroup;
			children = (
				BEA784DC2D240AEA0057555F /* EnumerationExplorer.app */,
				BEA784EC2D240AEC0057555F /* EnumerationExplorerTests.xctest */,
				BEA784F62D240AEC0057555F /* EnumerationExplorerUITests.xctest */,
			);
			name = Products;
			sourceTree = "<group>";
		};
/* End PBXGroup section */

/* Begin PBXNativeTarget section */
		BEA784DB2D240AEA0057555F /* EnumerationExplorer */ = {
			isa = PBXNativeTarget;
			buildConfigurationList = BEA785002D240AEC0057555F /* Build configuration list for PBXNativeTarget "EnumerationExplorer" */;
			buildPhases = (
				BEA784D82D240AEA0057555F /* Sources */,
				BEA784D92D240AEA0057555F /* Frameworks */,
				BEA784DA2D240AEA0057555F /* Resources */,
			);
			buildRules = (
			);
			dependencies = (
			);
			fileSystemSynchronizedGroups = (
				BEA784DE2D240AEA0057555F /* EnumerationExplorer */,
			);
			name = EnumerationExplorer;
			packageProductDependencies = (
			);
			productName = EnumerationExplorer;
			productReference = BEA784DC2D240AEA0057555F /* EnumerationExplorer.app */;
			productType = "com.apple.product-type.application";
		};
		BEA784EB2D240AEC0057555F /* EnumerationExplorerTests */ = {
			isa = PBXNativeTarget;
			buildConfigurationList = BEA785032D240AEC0057555F /* Build configuration list for PBXNativeTarget "EnumerationExplorerTests" */;
			buildPhases = (
				BEA784E82D240AEC0057555F /* Sources */,
				BEA784E92D240AEC0057555F /* Frameworks */,
				BEA784EA2D240AEC0057555F /* Resources */,
			);
			buildRules = (
			);
			dependencies = (
				BEA784EE2D240AEC0057555F /* PBXTargetDependency */,
			);
			fileSystemSynchronizedGroups = (
				BEA784EF2D240AEC0057555F /* EnumerationExplorerTests */,
			);
			name = EnumerationExplorerTests;
			packageProductDependencies = (
			);
			productName = EnumerationExplorerTests;
			productReference = BEA784EC2D240AEC0057555F /* EnumerationExplorerTests.xctest */;
			productType = "com.apple.product-type.bundle.unit-test";
		};
		BEA784F52D240AEC0057555F /* EnumerationExplorerUITests */ = {
			isa = PBXNativeTarget;
			buildConfigurationList = BEA785062D240AEC0057555F /* Build configuration list for PBXNativeTarget "EnumerationExplorerUITests" */;
			buildPhases = (
				BEA784F22D240AEC0057555F /* Sources */,
				BEA784F32D240AEC0057555F /* Frameworks */,
				BEA784F42D240AEC0057555F /* Resources */,
			);
			buildRules = (
			);
			dependencies = (
				BEA784F82D240AEC0057555F /* PBXTargetDependency */,
			);
			fileSystemSynchronizedGroups = (
				BEA784F92D240AEC0057555F /* EnumerationExplorerUITests */,
			);
			name = EnumerationExplorerUITests;
			packageProductDependencies = (
			);
			productName = EnumerationExplorerUITests;
			productReference = BEA784F62D240AEC0057555F /* EnumerationExplorerUITests.xctest */;
			productType = "com.apple.product-type.bundle.ui-testing";
		};
/* End PBXNativeTarget section */

/* Begin PBXProject section */
		BEA784D42D240AEA0057555F /* Project object */ = {
			isa = PBXProject;
			attributes = {
				BuildIndependentTargetsInParallel = 1;
				LastSwiftUpdateCheck = 1610;
				LastUpgradeCheck = 1610;
				TargetAttributes = {
					BEA784DB2D240AEA0057555F = {
						CreatedOnToolsVersion = 16.1;
					};
					BEA784EB2D240AEC0057555F = {
						CreatedOnToolsVersion = 16.1;
						TestTargetID = BEA784DB2D240AEA0057555F;
					};
					BEA784F52D240AEC0057555F = {
						CreatedOnToolsVersion = 16.1;
						TestTargetID = BEA784DB2D240AEA0057555F;
					};
				};
			};
			buildConfigurationList = BEA784D72D240AEA0057555F /* Build configuration list for PBXProject "EnumerationExplorer" */;
			developmentRegion = en;
			hasScannedForEncodings = 0;
			knownRegions = (
				en,
				Base,
			);
			mainGroup = BEA784D32D240AEA0057555F;
			minimizedProjectReferenceProxies = 1;
			preferredProjectObjectVersion = 77;
			productRefGroup = BEA784DD2D240AEA0057555F /* Products */;
			projectDirPath = "";
			projectRoot = "";
			targets = (
				BEA784DB2D240AEA0057555F /* EnumerationExplorer */,
				BEA784EB2D240AEC0057555F /* EnumerationExplorerTests */,
				BEA784F52D240AEC0057555F /* EnumerationExplorerUITests */,
			);
		};
/* End PBXProject section */

/* Begin PBXResourcesBuildPhase section */
		BEA784DA2D240AEA0057555F /* Resources */ = {
			isa = PBXResourcesBuildPhase;
			buildActionMask = 2147483647;
			files = (
			);
			runOnlyForDeploymentPostprocessing = 0;
		};
		BEA784EA2D240AEC0057555F /* Resources */ = {
			isa = PBXResourcesBuildPhase;
			buildActionMask = 2147483647;
			files = (
			);
			runOnlyForDeploymentPostprocessing = 0;
		};
		BEA784F42D240AEC0057555F /* Resources */ = {
			isa = PBXResourcesBuildPhase;
			buildActionMask = 2147483647;
			files = (
			);
			runOnlyForDeploymentPostprocessing = 0;
		};
/* End PBXResourcesBuildPhase section */

/* Begin PBXSourcesBuildPhase section */
		BEA784D82D240AEA0057555F /* Sources */ = {
			isa = PBXSourcesBuildPhase;
			buildActionMask = 2147483647;
			files = (
			);
			runOnlyForDeploymentPostprocessing = 0;
		};
		BEA784E82D240AEC0057555F /* Sources */ = {
			isa = PBXSourcesBuildPhase;
			buildActionMask = 2147483647;
			files = (
			);
			runOnlyForDeploymentPostprocessing = 0;
		};
		BEA784F22D240AEC0057555F /* Sources */ = {
			isa = PBXSourcesBuildPhase;
			buildActionMask = 2147483647;
			files = (
			);
			runOnlyForDeploymentPostprocessing = 0;
		};
/* End PBXSourcesBuildPhase section */

/* Begin PBXTargetDependency section */
		BEA784EE2D240AEC0057555F /* PBXTargetDependency */ = {
			isa = PBXTargetDependency;
			target = BEA784DB2D240AEA0057555F /* EnumerationExplorer */;
			targetProxy = BEA784ED2D240AEC0057555F /* PBXContainerItemProxy */;
		};
		BEA784F82D240AEC0057555F /* PBXTargetDependency */ = {
			isa = PBXTargetDependency;
			target = BEA784DB2D240AEA0057555F /* EnumerationExplorer */;
			targetProxy = BEA784F72D240AEC0057555F /* PBXContainerItemProxy */;
		};
/* End PBXTargetDependency section */

/* Begin XCBuildConfiguration section */
		BEA784FE2D240AEC0057555F /* Debug */ = {
			isa = XCBuildConfiguration;
			buildSettings = {
				ALWAYS_SEARCH_USER_PATHS = NO;
				ASSETCATALOG_COMPILER_GENERATE_SWIFT_ASSET_SYMBOL_EXTENSIONS = YES;
				CLANG_ANALYZER_NONNULL = YES;
				CLANG_ANALYZER_NUMBER_OBJECT_CONVERSION = YES_AGGRESSIVE;
				CLANG_CXX_LANGUAGE_STANDARD = "gnu++20";
				CLANG_ENABLE_MODULES = YES;
				CLANG_ENABLE_OBJC_ARC = YES;
				CLANG_ENABLE_OBJC_WEAK = YES;
				CLANG_WARN_BLOCK_CAPTURE_AUTORELEASING = YES;
				CLANG_WARN_BOOL_CONVERSION = YES;
				CLANG_WARN_COMMA = YES;
				CLANG_WARN_CONSTANT_CONVERSION = YES;
				CLANG_WARN_DEPRECATED_OBJC_IMPLEMENTATIONS = YES;
				CLANG_WARN_DIRECT_OBJC_ISA_USAGE = YES_ERROR;
				CLANG_WARN_DOCUMENTATION_COMMENTS = YES;
				CLANG_WARN_EMPTY_BODY = YES;
				CLANG_WARN_ENUM_CONVERSION = YES;
				CLANG_WARN_INFINITE_RECURSION = YES;
				CLANG_WARN_INT_CONVERSION = YES;
				CLANG_WARN_NON_LITERAL_NULL_CONVERSION = YES;
				CLANG_WARN_OBJC_IMPLICIT_RETAIN_SELF = YES;
				CLANG_WARN_OBJC_LITERAL_CONVERSION = YES;
				CLANG_WARN_OBJC_ROOT_CLASS = YES_ERROR;
				CLANG_WARN_QUOTED_INCLUDE_IN_FRAMEWORK_HEADER = YES;
				CLANG_WARN_RANGE_LOOP_ANALYSIS = YES;
				CLANG_WARN_STRICT_PROTOTYPES = YES;
				CLANG_WARN_SUSPICIOUS_MOVE = YES;
				CLANG_WARN_UNGUARDED_AVAILABILITY = YES_AGGRESSIVE;
				CLANG_WARN_UNREACHABLE_CODE = YES;
				CLANG_WARN__DUPLICATE_METHOD_MATCH = YES;
				COPY_PHASE_STRIP = NO;
				DEBUG_INFORMATION_FORMAT = dwarf;
				ENABLE_STRICT_OBJC_MSGSEND = YES;
				ENABLE_TESTABILITY = YES;
				ENABLE_USER_SCRIPT_SANDBOXING = YES;
				GCC_C_LANGUAGE_STANDARD = gnu17;
				GCC_DYNAMIC_NO_PIC = NO;
				GCC_NO_COMMON_BLOCKS = YES;
				GCC_OPTIMIZATION_LEVEL = 0;
				GCC_PREPROCESSOR_DEFINITIONS = (
					"DEBUG=1",
					"$(inherited)",
				);
				GCC_WARN_64_TO_32_BIT_CONVERSION = YES;
				GCC_WARN_ABOUT_RETURN_TYPE = YES_ERROR;
				GCC_WARN_UNDECLARED_SELECTOR = YES;
				GCC_WARN_UNINITIALIZED_AUTOS = YES_AGGRESSIVE;
				GCC_WARN_UNUSED_FUNCTION = YES;
				GCC_WARN_UNUSED_VARIABLE = YES;
				IPHONEOS_DEPLOYMENT_TARGET = 18.1;
				LOCALIZATION_PREFERS_STRING_CATALOGS = YES;
				MTL_ENABLE_DEBUG_INFO = INCLUDE_SOURCE;
				MTL_FAST_MATH = YES;
				ONLY_ACTIVE_ARCH = YES;
				SDKROOT = iphoneos;
				SWIFT_ACTIVE_COMPILATION_CONDITIONS = "DEBUG $(inherited)";
				SWIFT_OPTIMIZATION_LEVEL = "-Onone";
			};
			name = Debug;
		};
		BEA784FF2D240AEC0057555F /* Release */ = {
			isa = XCBuildConfiguration;
			buildSettings = {
				ALWAYS_SEARCH_USER_PATHS = NO;
				ASSETCATALOG_COMPILER_GENERATE_SWIFT_ASSET_SYMBOL_EXTENSIONS = YES;
				CLANG_ANALYZER_NONNULL = YES;
				CLANG_ANALYZER_NUMBER_OBJECT_CONVERSION = YES_AGGRESSIVE;
				CLANG_CXX_LANGUAGE_STANDARD = "gnu++20";
				CLANG_ENABLE_MODULES = YES;
				CLANG_ENABLE_OBJC_ARC = YES;
				CLANG_ENABLE_OBJC_WEAK = YES;
				CLANG_WARN_BLOCK_CAPTURE_AUTORELEASING = YES;
				CLANG_WARN_BOOL_CONVERSION = YES;
				CLANG_WARN_COMMA = YES;
				CLANG_WARN_CONSTANT_CONVERSION = YES;
				CLANG_WARN_DEPRECATED_OBJC_IMPLEMENTATIONS = YES;
				CLANG_WARN_DIRECT_OBJC_ISA_USAGE = YES_ERROR;
				CLANG_WARN_DOCUMENTATION_COMMENTS = YES;
				CLANG_WARN_EMPTY_BODY = YES;
				CLANG_WARN_ENUM_CONVERSION = YES;
				CLANG_WARN_INFINITE_RECURSION = YES;
				CLANG_WARN_INT_CONVERSION = YES;
				CLANG_WARN_NON_LITERAL_NULL_CONVERSION = YES;
				CLANG_WARN_OBJC_IMPLICIT_RETAIN_SELF = YES;
				CLANG_WARN_OBJC_LITERAL_CONVERSION = YES;
				CLANG_WARN_OBJC_ROOT_CLASS = YES_ERROR;
				CLANG_WARN_QUOTED_INCLUDE_IN_FRAMEWORK_HEADER = YES;
				CLANG_WARN_RANGE_LOOP_ANALYSIS = YES;
				CLANG_WARN_STRICT_PROTOTYPES = YES;
				CLANG_WARN_SUSPICIOUS_MOVE = YES;
				CLANG_WARN_UNGUARDED_AVAILABILITY = YES_AGGRESSIVE;
				CLANG_WARN_UNREACHABLE_CODE = YES;
				CLANG_WARN__DUPLICATE_METHOD_MATCH = YES;
				COPY_PHASE_STRIP = NO;
				DEBUG_INFORMATION_FORMAT = "dwarf-with-dsym";
				ENABLE_NS_ASSERTIONS = NO;
				ENABLE_STRICT_OBJC_MSGSEND = YES;
				ENABLE_USER_SCRIPT_SANDBOXING = YES;
				GCC_C_LANGUAGE_STANDARD = gnu17;
				GCC_NO_COMMON_BLOCKS = YES;
				GCC_WARN_64_TO_32_BIT_CONVERSION = YES;
				GCC_WARN_ABOUT_RETURN_TYPE = YES_ERROR;
				GCC_WARN_UNDECLARED_SELECTOR = YES;
				GCC_WARN_UNINITIALIZED_AUTOS = YES_AGGRESSIVE;
				GCC_WARN_UNUSED_FUNCTION = YES;
				GCC_WARN_UNUSED_VARIABLE = YES;
				IPHONEOS_DEPLOYMENT_TARGET = 18.1;
				LOCALIZATION_PREFERS_STRING_CATALOGS = YES;
				MTL_ENABLE_DEBUG_INFO = NO;
				MTL_FAST_MATH = YES;
				SDKROOT = iphoneos;
				SWIFT_COMPILATION_MODE = wholemodule;
				VALIDATE_PRODUCT = YES;
			};
			name = Release;
		};
		BEA785012D240AEC0057555F /* Debug */ = {
			isa = XCBuildConfiguration;
			buildSettings = {
				ASSETCATALOG_COMPILER_APPICON_NAME = AppIcon;
				ASSETCATALOG_COMPILER_GLOBAL_ACCENT_COLOR_NAME = AccentColor;
				CODE_SIGN_STYLE = Automatic;
				CURRENT_PROJECT_VERSION = 1;
				DEVELOPMENT_ASSET_PATHS = "\"EnumerationExplorer/Preview Content\"";
				ENABLE_PREVIEWS = YES;
				GENERATE_INFOPLIST_FILE = YES;
				INFOPLIST_KEY_UIApplicationSceneManifest_Generation = YES;
				INFOPLIST_KEY_UIApplicationSupportsIndirectInputEvents = YES;
				INFOPLIST_KEY_UILaunchScreen_Generation = YES;
				INFOPLIST_KEY_UISupportedInterfaceOrientations_iPad = "UIInterfaceOrientationPortrait UIInterfaceOrientationPortraitUpsideDown UIInterfaceOrientationLandscapeLeft UIInterfaceOrientationLandscapeRight";
				INFOPLIST_KEY_UISupportedInterfaceOrientations_iPhone = "UIInterfaceOrientationPortrait UIInterfaceOrientationLandscapeLeft UIInterfaceOrientationLandscapeRight";
				LD_RUNPATH_SEARCH_PATHS = (
					"$(inherited)",
					"@executable_path/Frameworks",
				);
				MARKETING_VERSION = 1.0;
				PRODUCT_BUNDLE_IDENTIFIER = SHIFT.EnumerationExplorer;
				PRODUCT_NAME = "$(TARGET_NAME)";
				SWIFT_EMIT_LOC_STRINGS = YES;
				SWIFT_VERSION = 5.0;
				TARGETED_DEVICE_FAMILY = "1,2";
			};
			name = Debug;
		};
		BEA785022D240AEC0057555F /* Release */ = {
			isa = XCBuildConfiguration;
			buildSettings = {
				ASSETCATALOG_COMPILER_APPICON_NAME = AppIcon;
				ASSETCATALOG_COMPILER_GLOBAL_ACCENT_COLOR_NAME = AccentColor;
				CODE_SIGN_STYLE = Automatic;
				CURRENT_PROJECT_VERSION = 1;
				DEVELOPMENT_ASSET_PATHS = "\"EnumerationExplorer/Preview Content\"";
				ENABLE_PREVIEWS = YES;
				GENERATE_INFOPLIST_FILE = YES;
				INFOPLIST_KEY_UIApplicationSceneManifest_Generation = YES;
				INFOPLIST_KEY_UIApplicationSupportsIndirectInputEvents = YES;
				INFOPLIST_KEY_UILaunchScreen_Generation = YES;
				INFOPLIST_KEY_UISupportedInterfaceOrientations_iPad = "UIInterfaceOrientationPortrait UIInterfaceOrientationPortraitUpsideDown UIInterfaceOrientationLandscapeLeft UIInterfaceOrientationLandscapeRight";
				INFOPLIST_KEY_UISupportedInterfaceOrientations_iPhone = "UIInterfaceOrientationPortrait UIInterfaceOrientationLandscapeLeft UIInterfaceOrientationLandscapeRight";
				LD_RUNPATH_SEARCH_PATHS = (
					"$(inherited)",
					"@executable_path/Frameworks",
				);
				MARKETING_VERSION = 1.0;
				PRODUCT_BUNDLE_IDENTIFIER = SHIFT.EnumerationExplorer;
				PRODUCT_NAME = "$(TARGET_NAME)";
				SWIFT_EMIT_LOC_STRINGS = YES;
				SWIFT_VERSION = 5.0;
				TARGETED_DEVICE_FAMILY = "1,2";
			};
			name = Release;
		};
		BEA785042D240AEC0057555F /* Debug */ = {
			isa = XCBuildConfiguration;
			buildSettings = {
				BUNDLE_LOADER = "$(TEST_HOST)";
				CODE_SIGN_STYLE = Automatic;
				CURRENT_PROJECT_VERSION = 1;
				GENERATE_INFOPLIST_FILE = YES;
				IPHONEOS_DEPLOYMENT_TARGET = 18.1;
				MARKETING_VERSION = 1.0;
				PRODUCT_BUNDLE_IDENTIFIER = SHIFT.EnumerationExplorerTests;
				PRODUCT_NAME = "$(TARGET_NAME)";
				SWIFT_EMIT_LOC_STRINGS = NO;
				SWIFT_VERSION = 5.0;
				TARGETED_DEVICE_FAMILY = "1,2";
				TEST_HOST = "$(BUILT_PRODUCTS_DIR)/EnumerationExplorer.app/$(BUNDLE_EXECUTABLE_FOLDER_PATH)/EnumerationExplorer";
			};
			name = Debug;
		};
		BEA785052D240AEC0057555F /* Release */ = {
			isa = XCBuildConfiguration;
			buildSettings = {
				BUNDLE_LOADER = "$(TEST_HOST)";
				CODE_SIGN_STYLE = Automatic;
				CURRENT_PROJECT_VERSION = 1;
				GENERATE_INFOPLIST_FILE = YES;
				IPHONEOS_DEPLOYMENT_TARGET = 18.1;
				MARKETING_VERSION = 1.0;
				PRODUCT_BUNDLE_IDENTIFIER = SHIFT.EnumerationExplorerTests;
				PRODUCT_NAME = "$(TARGET_NAME)";
				SWIFT_EMIT_LOC_STRINGS = NO;
				SWIFT_VERSION = 5.0;
				TARGETED_DEVICE_FAMILY = "1,2";
				TEST_HOST = "$(BUILT_PRODUCTS_DIR)/EnumerationExplorer.app/$(BUNDLE_EXECUTABLE_FOLDER_PATH)/EnumerationExplorer";
			};
			name = Release;
		};
		BEA785072D240AEC0057555F /* Debug */ = {
			isa = XCBuildConfiguration;
			buildSettings = {
				CODE_SIGN_STYLE = Automatic;
				CURRENT_PROJECT_VERSION = 1;
				GENERATE_INFOPLIST_FILE = YES;
				MARKETING_VERSION = 1.0;
				PRODUCT_BUNDLE_IDENTIFIER = SHIFT.EnumerationExplorerUITests;
				PRODUCT_NAME = "$(TARGET_NAME)";
				SWIFT_EMIT_LOC_STRINGS = NO;
				SWIFT_VERSION = 5.0;
				TARGETED_DEVICE_FAMILY = "1,2";
				TEST_TARGET_NAME = EnumerationExplorer;
			};
			name = Debug;
		};
		BEA785082D240AEC0057555F /* Release */ = {
			isa = XCBuildConfiguration;
			buildSettings = {
				CODE_SIGN_STYLE = Automatic;
				CURRENT_PROJECT_VERSION = 1;
				GENERATE_INFOPLIST_FILE = YES;
				MARKETING_VERSION = 1.0;
				PRODUCT_BUNDLE_IDENTIFIER = SHIFT.EnumerationExplorerUITests;
				PRODUCT_NAME = "$(TARGET_NAME)";
				SWIFT_EMIT_LOC_STRINGS = NO;
				SWIFT_VERSION = 5.0;
				TARGETED_DEVICE_FAMILY = "1,2";
				TEST_TARGET_NAME = EnumerationExplorer;
			};
			name = Release;
		};
/* End XCBuildConfiguration section */

/* Begin XCConfigurationList section */
		BEA784D72D240AEA0057555F /* Build configuration list for PBXProject "EnumerationExplorer" */ = {
			isa = XCConfigurationList;
			buildConfigurations = (
				BEA784FE2D240AEC0057555F /* Debug */,
				BEA784FF2D240AEC0057555F /* Release */,
			);
			defaultConfigurationIsVisible = 0;
			defaultConfigurationName = Release;
		};
		BEA785002D240AEC0057555F /* Build configuration list for PBXNativeTarget "EnumerationExplorer" */ = {
			isa = XCConfigurationList;
			buildConfigurations = (
				BEA785012D240AEC0057555F /* Debug */,
				BEA785022D240AEC0057555F /* Release */,
			);
			defaultConfigurationIsVisible = 0;
			defaultConfigurationName = Release;
		};
		BEA785032D240AEC0057555F /* Build configuration list for PBXNativeTarget "EnumerationExplorerTests" */ = {
			isa = XCConfigurationList;
			buildConfigurations = (
				BEA785042D240AEC0057555F /* Debug */,
				BEA785052D240AEC0057555F /* Release */,
			);
			defaultConfigurationIsVisible = 0;
			defaultConfigurationName = Release;
		};
		BEA785062D240AEC0057555F /* Build configuration list for PBXNativeTarget "EnumerationExplorerUITests" */ = {
			isa = XCConfigurationList;
			buildConfigurations = (
				BEA785072D240AEC0057555F /* Debug */,
				BEA785082D240AEC0057555F /* Release */,
			);
			defaultConfigurationIsVisible = 0;
			defaultConfigurationName = Release;
		};
/* End XCConfigurationList section */
	};
	rootObject = BEA784D42D240AEA0057555F /* Project object */;
}
